// !$*UTF8*$!
{
	archiveVersion = 1;
	classes = {
	};
	objectVersion = 50;
	objects = {

/* Begin PBXBuildFile section */
		70EB7024CDD4E478783E8C8E /* Pods_BookCaseApp.framework in Frameworks */ = {isa = PBXBuildFile; fileRef = 6F2AE7532BF18B5A04D4B3BE /* Pods_BookCaseApp.framework */; };
		FA029A9E2094CA0C002BF377 /* AppDelegate.swift in Sources */ = {isa = PBXBuildFile; fileRef = FA029A9D2094CA0C002BF377 /* AppDelegate.swift */; };
		FA029AA02094CA0C002BF377 /* BookListViewController.swift in Sources */ = {isa = PBXBuildFile; fileRef = FA029A9F2094CA0C002BF377 /* BookListViewController.swift */; };
		FA029AA52094CA0F002BF377 /* Assets.xcassets in Resources */ = {isa = PBXBuildFile; fileRef = FA029AA42094CA0F002BF377 /* Assets.xcassets */; };
		FA029AA82094CA0F002BF377 /* LaunchScreen.storyboard in Resources */ = {isa = PBXBuildFile; fileRef = FA029AA62094CA0F002BF377 /* LaunchScreen.storyboard */; };
		FA029AB02094D876002BF377 /* ServiceBook.swift in Sources */ = {isa = PBXBuildFile; fileRef = FA029AAF2094D876002BF377 /* ServiceBook.swift */; };
		FA029AB32094D8E2002BF377 /* books.json in Resources */ = {isa = PBXBuildFile; fileRef = FA029AB22094D8E2002BF377 /* books.json */; };
		FA029AB62094D9F9002BF377 /* Book.swift in Sources */ = {isa = PBXBuildFile; fileRef = FA029AB52094D9F9002BF377 /* Book.swift */; };
		FA029AB82094DC65002BF377 /* Books.swift in Sources */ = {isa = PBXBuildFile; fileRef = FA029AB72094DC65002BF377 /* Books.swift */; };
		FA85414220A5BF1800E1E8BE /* Tablable.swift in Sources */ = {isa = PBXBuildFile; fileRef = FA85414120A5BF1800E1E8BE /* Tablable.swift */; };
/* End PBXBuildFile section */

/* Begin PBXFileReference section */
		671A7B4DB6C46574C51DD228 /* Pods-BookCaseApp.release.xcconfig */ = {isa = PBXFileReference; includeInIndex = 1; lastKnownFileType = text.xcconfig; name = "Pods-BookCaseApp.release.xcconfig"; path = "Pods/Target Support Files/Pods-BookCaseApp/Pods-BookCaseApp.release.xcconfig"; sourceTree = "<group>"; };
		6F2AE7532BF18B5A04D4B3BE /* Pods_BookCaseApp.framework */ = {isa = PBXFileReference; explicitFileType = wrapper.framework; includeInIndex = 0; path = Pods_BookCaseApp.framework; sourceTree = BUILT_PRODUCTS_DIR; };
		8E128BF387DF3701DD5DCC5C /* Pods-BookCaseApp.debug.xcconfig */ = {isa = PBXFileReference; includeInIndex = 1; lastKnownFileType = text.xcconfig; name = "Pods-BookCaseApp.debug.xcconfig"; path = "Pods/Target Support Files/Pods-BookCaseApp/Pods-BookCaseApp.debug.xcconfig"; sourceTree = "<group>"; };
		FA029A9A2094CA0C002BF377 /* BookCaseApp.app */ = {isa = PBXFileReference; explicitFileType = wrapper.application; includeInIndex = 0; path = BookCaseApp.app; sourceTree = BUILT_PRODUCTS_DIR; };
		FA029A9D2094CA0C002BF377 /* AppDelegate.swift */ = {isa = PBXFileReference; lastKnownFileType = sourcecode.swift; path = AppDelegate.swift; sourceTree = "<group>"; };
		FA029A9F2094CA0C002BF377 /* BookListViewController.swift */ = {isa = PBXFileReference; lastKnownFileType = sourcecode.swift; path = BookListViewController.swift; sourceTree = "<group>"; };
		FA029AA42094CA0F002BF377 /* Assets.xcassets */ = {isa = PBXFileReference; lastKnownFileType = folder.assetcatalog; path = Assets.xcassets; sourceTree = "<group>"; };
		FA029AA72094CA0F002BF377 /* Base */ = {isa = PBXFileReference; lastKnownFileType = file.storyboard; name = Base; path = Base.lproj/LaunchScreen.storyboard; sourceTree = "<group>"; };
		FA029AA92094CA0F002BF377 /* Info.plist */ = {isa = PBXFileReference; lastKnownFileType = text.plist.xml; path = Info.plist; sourceTree = "<group>"; };
		FA029AAF2094D876002BF377 /* ServiceBook.swift */ = {isa = PBXFileReference; lastKnownFileType = sourcecode.swift; path = ServiceBook.swift; sourceTree = "<group>"; };
		FA029AB22094D8E2002BF377 /* books.json */ = {isa = PBXFileReference; fileEncoding = 4; lastKnownFileType = text.json; path = books.json; sourceTree = "<group>"; };
		FA029AB52094D9F9002BF377 /* Book.swift */ = {isa = PBXFileReference; lastKnownFileType = sourcecode.swift; path = Book.swift; sourceTree = "<group>"; };
		FA029AB72094DC65002BF377 /* Books.swift */ = {isa = PBXFileReference; lastKnownFileType = sourcecode.swift; path = Books.swift; sourceTree = "<group>"; };
		FA85414120A5BF1800E1E8BE /* Tablable.swift */ = {isa = PBXFileReference; lastKnownFileType = sourcecode.swift; path = Tablable.swift; sourceTree = "<group>"; };
/* End PBXFileReference section */

/* Begin PBXFrameworksBuildPhase section */
		FA029A972094CA0C002BF377 /* Frameworks */ = {
			isa = PBXFrameworksBuildPhase;
			buildActionMask = 2147483647;
			files = (
				70EB7024CDD4E478783E8C8E /* Pods_BookCaseApp.framework in Frameworks */,
			);
			runOnlyForDeploymentPostprocessing = 0;
		};
/* End PBXFrameworksBuildPhase section */

/* Begin PBXGroup section */
		0EF8645E558D1B6C0E57CECA /* Frameworks */ = {
			isa = PBXGroup;
			children = (
				6F2AE7532BF18B5A04D4B3BE /* Pods_BookCaseApp.framework */,
			);
			name = Frameworks;
			sourceTree = "<group>";
		};
		B981825C70075F5266083C35 /* Pods */ = {
			isa = PBXGroup;
			children = (
				8E128BF387DF3701DD5DCC5C /* Pods-BookCaseApp.debug.xcconfig */,
				671A7B4DB6C46574C51DD228 /* Pods-BookCaseApp.release.xcconfig */,
			);
			name = Pods;
			sourceTree = "<group>";
		};
		FA029A912094CA0C002BF377 = {
			isa = PBXGroup;
			children = (
				FA029A9C2094CA0C002BF377 /* BookCaseApp */,
				FA029A9B2094CA0C002BF377 /* Products */,
				B981825C70075F5266083C35 /* Pods */,
				0EF8645E558D1B6C0E57CECA /* Frameworks */,
			);
			sourceTree = "<group>";
		};
		FA029A9B2094CA0C002BF377 /* Products */ = {
			isa = PBXGroup;
			children = (
				FA029A9A2094CA0C002BF377 /* BookCaseApp.app */,
			);
			name = Products;
			sourceTree = "<group>";
		};
		FA029A9C2094CA0C002BF377 /* BookCaseApp */ = {
			isa = PBXGroup;
			children = (
				FA029A9D2094CA0C002BF377 /* AppDelegate.swift */,
				FA85414020A5BECE00E1E8BE /* Protocols */,
				FA85414320A5C6FE00E1E8BE /* Services */,
				FA85413F20A5BE4000E1E8BE /* BookList */,
				FA029AB22094D8E2002BF377 /* books.json */,
				FA029AB42094D9DE002BF377 /* Models */,
				FA029AB12094D8E2002BF377 /* Res */,
				FA029AA42094CA0F002BF377 /* Assets.xcassets */,
				FA029AA62094CA0F002BF377 /* LaunchScreen.storyboard */,
				FA029AA92094CA0F002BF377 /* Info.plist */,
			);
			path = BookCaseApp;
			sourceTree = "<group>";
		};
		FA029AB12094D8E2002BF377 /* Res */ = {
			isa = PBXGroup;
			children = (
			);
			path = Res;
			sourceTree = "<group>";
		};
		FA029AB42094D9DE002BF377 /* Models */ = {
			isa = PBXGroup;
			children = (
				FA029AB52094D9F9002BF377 /* Book.swift */,
				FA029AB72094DC65002BF377 /* Books.swift */,
			);
			path = Models;
			sourceTree = "<group>";
		};
		FA85413F20A5BE4000E1E8BE /* BookList */ = {
			isa = PBXGroup;
			children = (
				FA029A9F2094CA0C002BF377 /* BookListViewController.swift */,
			);
			path = BookList;
			sourceTree = "<group>";
		};
		FA85414020A5BECE00E1E8BE /* Protocols */ = {
			isa = PBXGroup;
			children = (
				FA85414120A5BF1800E1E8BE /* Tablable.swift */,
			);
			path = Protocols;
			sourceTree = "<group>";
		};
		FA85414320A5C6FE00E1E8BE /* Services */ = {
			isa = PBXGroup;
			children = (
				FA029AAF2094D876002BF377 /* ServiceBook.swift */,
			);
			path = Services;
			sourceTree = "<group>";
		};
/* End PBXGroup section */

/* Begin PBXNativeTarget section */
		FA029A992094CA0C002BF377 /* BookCaseApp */ = {
			isa = PBXNativeTarget;
			buildConfigurationList = FA029AAC2094CA0F002BF377 /* Build configuration list for PBXNativeTarget "BookCaseApp" */;
			buildPhases = (
				DA91FBA9950DD3A794B70899 /* [CP] Check Pods Manifest.lock */,
				FA029A962094CA0C002BF377 /* Sources */,
				FA029A972094CA0C002BF377 /* Frameworks */,
				FA029A982094CA0C002BF377 /* Resources */,
				49CB9B9DFB33B2611F4D3902 /* [CP] Embed Pods Frameworks */,
			);
			buildRules = (
			);
			dependencies = (
			);
			name = BookCaseApp;
			productName = BookCaseApp;
			productReference = FA029A9A2094CA0C002BF377 /* BookCaseApp.app */;
			productType = "com.apple.product-type.application";
		};
/* End PBXNativeTarget section */

/* Begin PBXProject section */
		FA029A922094CA0C002BF377 /* Project object */ = {
			isa = PBXProject;
			attributes = {
				LastSwiftUpdateCheck = 0930;
				LastUpgradeCheck = 0930;
				ORGANIZATIONNAME = "Kirill Khudiakov";
				TargetAttributes = {
					FA029A992094CA0C002BF377 = {
						CreatedOnToolsVersion = 9.3;
					};
				};
			};
			buildConfigurationList = FA029A952094CA0C002BF377 /* Build configuration list for PBXProject "BookCaseApp" */;
			compatibilityVersion = "Xcode 9.3";
			developmentRegion = en;
			hasScannedForEncodings = 0;
			knownRegions = (
				en,
				Base,
			);
			mainGroup = FA029A912094CA0C002BF377;
			productRefGroup = FA029A9B2094CA0C002BF377 /* Products */;
			projectDirPath = "";
			projectRoot = "";
			targets = (
				FA029A992094CA0C002BF377 /* BookCaseApp */,
			);
		};
/* End PBXProject section */

/* Begin PBXResourcesBuildPhase section */
		FA029A982094CA0C002BF377 /* Resources */ = {
			isa = PBXResourcesBuildPhase;
			buildActionMask = 2147483647;
			files = (
				FA029AB32094D8E2002BF377 /* books.json in Resources */,
				FA029AA82094CA0F002BF377 /* LaunchScreen.storyboard in Resources */,
				FA029AA52094CA0F002BF377 /* Assets.xcassets in Resources */,
			);
			runOnlyForDeploymentPostprocessing = 0;
		};
/* End PBXResourcesBuildPhase section */

/* Begin PBXShellScriptBuildPhase section */
		49CB9B9DFB33B2611F4D3902 /* [CP] Embed Pods Frameworks */ = {
			isa = PBXShellScriptBuildPhase;
			buildActionMask = 2147483647;
			files = (
			);
			inputPaths = (
				"${SRCROOT}/Pods/Target Support Files/Pods-BookCaseApp/Pods-BookCaseApp-frameworks.sh",
				"${BUILT_PRODUCTS_DIR}/Alamofire/Alamofire.framework",
				"${BUILT_PRODUCTS_DIR}/Kingfisher/Kingfisher.framework",
				"${BUILT_PRODUCTS_DIR}/Moya/Moya.framework",
				"${BUILT_PRODUCTS_DIR}/Result/Result.framework",
				"${BUILT_PRODUCTS_DIR}/RxSwift/RxSwift.framework",
			);
			name = "[CP] Embed Pods Frameworks";
			outputPaths = (
				"${TARGET_BUILD_DIR}/${FRAMEWORKS_FOLDER_PATH}/Alamofire.framework",
				"${TARGET_BUILD_DIR}/${FRAMEWORKS_FOLDER_PATH}/Kingfisher.framework",
				"${TARGET_BUILD_DIR}/${FRAMEWORKS_FOLDER_PATH}/Moya.framework",
				"${TARGET_BUILD_DIR}/${FRAMEWORKS_FOLDER_PATH}/Result.framework",
				"${TARGET_BUILD_DIR}/${FRAMEWORKS_FOLDER_PATH}/RxSwift.framework",
			);
			runOnlyForDeploymentPostprocessing = 0;
			shellPath = /bin/sh;
			shellScript = "\"${SRCROOT}/Pods/Target Support Files/Pods-BookCaseApp/Pods-BookCaseApp-frameworks.sh\"\n";
			showEnvVarsInLog = 0;
		};
		DA91FBA9950DD3A794B70899 /* [CP] Check Pods Manifest.lock */ = {
			isa = PBXShellScriptBuildPhase;
			buildActionMask = 2147483647;
			files = (
			);
			inputPaths = (
				"${PODS_PODFILE_DIR_PATH}/Podfile.lock",
				"${PODS_ROOT}/Manifest.lock",
			);
			name = "[CP] Check Pods Manifest.lock";
			outputPaths = (
				"$(DERIVED_FILE_DIR)/Pods-BookCaseApp-checkManifestLockResult.txt",
			);
			runOnlyForDeploymentPostprocessing = 0;
			shellPath = /bin/sh;
			shellScript = "diff \"${PODS_PODFILE_DIR_PATH}/Podfile.lock\" \"${PODS_ROOT}/Manifest.lock\" > /dev/null\nif [ $? != 0 ] ; then\n    # print error to STDERR\n    echo \"error: The sandbox is not in sync with the Podfile.lock. Run 'pod install' or update your CocoaPods installation.\" >&2\n    exit 1\nfi\n# This output is used by Xcode 'outputs' to avoid re-running this script phase.\necho \"SUCCESS\" > \"${SCRIPT_OUTPUT_FILE_0}\"\n";
			showEnvVarsInLog = 0;
		};
/* End PBXShellScriptBuildPhase section */

/* Begin PBXSourcesBuildPhase section */
		FA029A962094CA0C002BF377 /* Sources */ = {
			isa = PBXSourcesBuildPhase;
			buildActionMask = 2147483647;
			files = (
				FA85414220A5BF1800E1E8BE /* Tablable.swift in Sources */,
				FA029AB62094D9F9002BF377 /* Book.swift in Sources */,
				FA029AA02094CA0C002BF377 /* BookListViewController.swift in Sources */,
				FA029A9E2094CA0C002BF377 /* AppDelegate.swift in Sources */,
				FA029AB02094D876002BF377 /* ServiceBook.swift in Sources */,
				FA029AB82094DC65002BF377 /* Books.swift in Sources */,
			);
			runOnlyForDeploymentPostprocessing = 0;
		};
/* End PBXSourcesBuildPhase section */

/* Begin PBXVariantGroup section */
		FA029AA62094CA0F002BF377 /* LaunchScreen.storyboard */ = {
			isa = PBXVariantGroup;
			children = (
				FA029AA72094CA0F002BF377 /* Base */,
			);
			name = LaunchScreen.storyboard;
			sourceTree = "<group>";
		};
/* End PBXVariantGroup section */

/* Begin XCBuildConfiguration section */
		FA029AAA2094CA0F002BF377 /* Debug */ = {
			isa = XCBuildConfiguration;
			buildSettings = {
				ALWAYS_SEARCH_USER_PATHS = NO;
				CLANG_ANALYZER_NONNULL = YES;
				CLANG_ANALYZER_NUMBER_OBJECT_CONVERSION = YES_AGGRESSIVE;
				CLANG_CXX_LANGUAGE_STANDARD = "gnu++14";
				CLANG_CXX_LIBRARY = "libc++";
				CLANG_ENABLE_MODULES = YES;
				CLANG_ENABLE_OBJC_ARC = YES;
				CLANG_ENABLE_OBJC_WEAK = YES;
				CLANG_WARN_BLOCK_CAPTURE_AUTORELEASING = YES;
				CLANG_WARN_BOOL_CONVERSION = YES;
				CLANG_WARN_COMMA = YES;
				CLANG_WARN_CONSTANT_CONVERSION = YES;
				CLANG_WARN_DEPRECATED_OBJC_IMPLEMENTATIONS = YES;
				CLANG_WARN_DIRECT_OBJC_ISA_USAGE = YES_ERROR;
				CLANG_WARN_DOCUMENTATION_COMMENTS = YES;
				CLANG_WARN_EMPTY_BODY = YES;
				CLANG_WARN_ENUM_CONVERSION = YES;
				CLANG_WARN_INFINITE_RECURSION = YES;
				CLANG_WARN_INT_CONVERSION = YES;
				CLANG_WARN_NON_LITERAL_NULL_CONVERSION = YES;
				CLANG_WARN_OBJC_IMPLICIT_RETAIN_SELF = YES;
				CLANG_WARN_OBJC_LITERAL_CONVERSION = YES;
				CLANG_WARN_OBJC_ROOT_CLASS = YES_ERROR;
				CLANG_WARN_RANGE_LOOP_ANALYSIS = YES;
				CLANG_WARN_STRICT_PROTOTYPES = YES;
				CLANG_WARN_SUSPICIOUS_MOVE = YES;
				CLANG_WARN_UNGUARDED_AVAILABILITY = YES_AGGRESSIVE;
				CLANG_WARN_UNREACHABLE_CODE = YES;
				CLANG_WARN__DUPLICATE_METHOD_MATCH = YES;
				CODE_SIGN_IDENTITY = "iPhone Developer";
				COPY_PHASE_STRIP = NO;
				DEBUG_INFORMATION_FORMAT = dwarf;
				ENABLE_STRICT_OBJC_MSGSEND = YES;
				ENABLE_TESTABILITY = YES;
				GCC_C_LANGUAGE_STANDARD = gnu11;
				GCC_DYNAMIC_NO_PIC = NO;
				GCC_NO_COMMON_BLOCKS = YES;
				GCC_OPTIMIZATION_LEVEL = 0;
				GCC_PREPROCESSOR_DEFINITIONS = (
					"DEBUG=1",
					"$(inherited)",
				);
				GCC_WARN_64_TO_32_BIT_CONVERSION = YES;
				GCC_WARN_ABOUT_RETURN_TYPE = YES_ERROR;
				GCC_WARN_UNDECLARED_SELECTOR = YES;
				GCC_WARN_UNINITIALIZED_AUTOS = YES_AGGRESSIVE;
				GCC_WARN_UNUSED_FUNCTION = YES;
				GCC_WARN_UNUSED_VARIABLE = YES;
				IPHONEOS_DEPLOYMENT_TARGET = 11.3;
				MTL_ENABLE_DEBUG_INFO = YES;
				ONLY_ACTIVE_ARCH = YES;
				SDKROOT = iphoneos;
				SWIFT_ACTIVE_COMPILATION_CONDITIONS = DEBUG;
				SWIFT_OPTIMIZATION_LEVEL = "-Onone";
			};
			name = Debug;
		};
		FA029AAB2094CA0F002BF377 /* Release */ = {
			isa = XCBuildConfiguration;
			buildSettings = {
				ALWAYS_SEARCH_USER_PATHS = NO;
				CLANG_ANALYZER_NONNULL = YES;
				CLANG_ANALYZER_NUMBER_OBJECT_CONVERSION = YES_AGGRESSIVE;
				CLANG_CXX_LANGUAGE_STANDARD = "gnu++14";
				CLANG_CXX_LIBRARY = "libc++";
				CLANG_ENABLE_MODULES = YES;
				CLANG_ENABLE_OBJC_ARC = YES;
				CLANG_ENABLE_OBJC_WEAK = YES;
				CLANG_WARN_BLOCK_CAPTURE_AUTORELEASING = YES;
				CLANG_WARN_BOOL_CONVERSION = YES;
				CLANG_WARN_COMMA = YES;
				CLANG_WARN_CONSTANT_CONVERSION = YES;
				CLANG_WARN_DEPRECATED_OBJC_IMPLEMENTATIONS = YES;
				CLANG_WARN_DIRECT_OBJC_ISA_USAGE = YES_ERROR;
				CLANG_WARN_DOCUMENTATION_COMMENTS = YES;
				CLANG_WARN_EMPTY_BODY = YES;
				CLANG_WARN_ENUM_CONVERSION = YES;
				CLANG_WARN_INFINITE_RECURSION = YES;
				CLANG_WARN_INT_CONVERSION = YES;
				CLANG_WARN_NON_LITERAL_NULL_CONVERSION = YES;
				CLANG_WARN_OBJC_IMPLICIT_RETAIN_SELF = YES;
				CLANG_WARN_OBJC_LITERAL_CONVERSION = YES;
				CLANG_WARN_OBJC_ROOT_CLASS = YES_ERROR;
				CLANG_WARN_RANGE_LOOP_ANALYSIS = YES;
				CLANG_WARN_STRICT_PROTOTYPES = YES;
				CLANG_WARN_SUSPICIOUS_MOVE = YES;
				CLANG_WARN_UNGUARDED_AVAILABILITY = YES_AGGRESSIVE;
				CLANG_WARN_UNREACHABLE_CODE = YES;
				CLANG_WARN__DUPLICATE_METHOD_MATCH = YES;
				CODE_SIGN_IDENTITY = "iPhone Developer";
				COPY_PHASE_STRIP = NO;
				DEBUG_INFORMATION_FORMAT = "dwarf-with-dsym";
				ENABLE_NS_ASSERTIONS = NO;
				ENABLE_STRICT_OBJC_MSGSEND = YES;
				GCC_C_LANGUAGE_STANDARD = gnu11;
				GCC_NO_COMMON_BLOCKS = YES;
				GCC_WARN_64_TO_32_BIT_CONVERSION = YES;
				GCC_WARN_ABOUT_RETURN_TYPE = YES_ERROR;
				GCC_WARN_UNDECLARED_SELECTOR = YES;
				GCC_WARN_UNINITIALIZED_AUTOS = YES_AGGRESSIVE;
				GCC_WARN_UNUSED_FUNCTION = YES;
				GCC_WARN_UNUSED_VARIABLE = YES;
				IPHONEOS_DEPLOYMENT_TARGET = 11.3;
				MTL_ENABLE_DEBUG_INFO = NO;
				SDKROOT = iphoneos;
				SWIFT_COMPILATION_MODE = wholemodule;
				SWIFT_OPTIMIZATION_LEVEL = "-O";
				VALIDATE_PRODUCT = YES;
			};
			name = Release;
		};
		FA029AAD2094CA0F002BF377 /* Debug */ = {
			isa = XCBuildConfiguration;
			baseConfigurationReference = 8E128BF387DF3701DD5DCC5C /* Pods-BookCaseApp.debug.xcconfig */;
			buildSettings = {
				ASSETCATALOG_COMPILER_APPICON_NAME = AppIcon;
				CODE_SIGN_STYLE = Automatic;
				DEVELOPMENT_TEAM = RF42FG352F;
				INFOPLIST_FILE = BookCaseApp/Info.plist;
				IPHONEOS_DEPLOYMENT_TARGET = 11.0;
				LD_RUNPATH_SEARCH_PATHS = (
					"$(inherited)",
					"@executable_path/Frameworks",
				);
				PRODUCT_BUNDLE_IDENTIFIER = adeveloper.BookCaseApp;
				PRODUCT_NAME = "$(TARGET_NAME)";
				SWIFT_VERSION = 4.0;
				TARGETED_DEVICE_FAMILY = "1,2";
			};
			name = Debug;
		};
		FA029AAE2094CA0F002BF377 /* Release */ = {
			isa = XCBuildConfiguration;
			baseConfigurationReference = 671A7B4DB6C46574C51DD228 /* Pods-BookCaseApp.release.xcconfig */;
			buildSettings = {
				ASSETCATALOG_COMPILER_APPICON_NAME = AppIcon;
				CODE_SIGN_STYLE = Automatic;
				DEVELOPMENT_TEAM = RF42FG352F;
				INFOPLIST_FILE = BookCaseApp/Info.plist;
				IPHONEOS_DEPLOYMENT_TARGET = 11.0;
				LD_RUNPATH_SEARCH_PATHS = (
					"$(inherited)",
					"@executable_path/Frameworks",
				);
				PRODUCT_BUNDLE_IDENTIFIER = adeveloper.BookCaseApp;
				PRODUCT_NAME = "$(TARGET_NAME)";
				SWIFT_VERSION = 4.0;
				TARGETED_DEVICE_FAMILY = "1,2";
			};
			name = Release;
		};
/* End XCBuildConfiguration section */

/* Begin XCConfigurationList section */
		FA029A952094CA0C002BF377 /* Build configuration list for PBXProject "BookCaseApp" */ = {
			isa = XCConfigurationList;
			buildConfigurations = (
				FA029AAA2094CA0F002BF377 /* Debug */,
				FA029AAB2094CA0F002BF377 /* Release */,
			);
			defaultConfigurationIsVisible = 0;
			defaultConfigurationName = Release;
		};
		FA029AAC2094CA0F002BF377 /* Build configuration list for PBXNativeTarget "BookCaseApp" */ = {
			isa = XCConfigurationList;
			buildConfigurations = (
				FA029AAD2094CA0F002BF377 /* Debug */,
				FA029AAE2094CA0F002BF377 /* Release */,
			);
			defaultConfigurationIsVisible = 0;
			defaultConfigurationName = Release;
		};
/* End XCConfigurationList section */
	};
	rootObject = FA029A922094CA0C002BF377 /* Project object */;
}
